PODS:
  - TFY_AutoLayout (2.6.4):
    - TFY_AutoLayout/IOS_Layout (= 2.6.4)
    - TFY_AutoLayout/MAC_Layout (= 2.6.4)
    - TFY_AutoLayout/Util (= 2.6.4)
  - TFY_AutoLayout/IOS_Layout (2.6.4):
    - TFY_AutoLayout/Util
  - TFY_AutoLayout/MAC_Layout (2.6.4):
    - TFY_AutoLayout/Util
  - TFY_AutoLayout/Util (2.6.4)
  - TFY_LayoutCategoryKit (2.5.1):
    - TFY_LayoutCategoryKit/TFY_Categories (= 2.5.1)
    - TFY_LayoutCategoryKit/TFY_Chain (= 2.5.1)
    - TFY_LayoutCategoryKit/TFY_Tools (= 2.5.1)
  - TFY_LayoutCategoryKit/TFY_Categories (2.5.1):
    - TFY_LayoutCategoryKit/TFY_Categories/TFY_BadgeView (= 2.5.1)
    - TFY_LayoutCategoryKit/TFY_Categories/TFY_Foundation (= 2.5.1)
    - TFY_LayoutCategoryKit/TFY_Categories/TFY_TextKit (= 2.5.1)
    - TFY_LayoutCategoryKit/TFY_Categories/TFY_UI (= 2.5.1)
    - TFY_LayoutCategoryKit/TFY_Tools
  - TFY_LayoutCategoryKit/TFY_Categories/TFY_BadgeView (2.5.1):
    - TFY_LayoutCategoryKit/TFY_Tools
  - TFY_LayoutCategoryKit/TFY_Categories/TFY_Foundation (2.5.1):
    - TFY_LayoutCategoryKit/TFY_Tools
  - TFY_LayoutCategoryKit/TFY_Categories/TFY_TextKit (2.5.1):
    - TFY_LayoutCategoryKit/TFY_Categories/TFY_Foundation
    - TFY_LayoutCategoryKit/TFY_Tools
  - TFY_LayoutCategoryKit/TFY_Categories/TFY_UI (2.5.1):
    - TFY_LayoutCategoryKit/TFY_Tools
  - TFY_LayoutCategoryKit/TFY_Chain (2.5.1):
    - TFY_LayoutCategoryKit/TFY_Chain/TFY_CALayer (= 2.5.1)
    - TFY_LayoutCategoryKit/TFY_Chain/TFY_ChainBase (= 2.5.1)
    - TFY_LayoutCategoryKit/TFY_Chain/TFY_UIGesture (= 2.5.1)
    - TFY_LayoutCategoryKit/TFY_Chain/TFY_UIView (= 2.5.1)
  - TFY_LayoutCategoryKit/TFY_Chain/TFY_CALayer (2.5.1):
    - TFY_LayoutCategoryKit/TFY_Categories/TFY_UI
    - TFY_LayoutCategoryKit/TFY_Chain/TFY_ChainBase
  - TFY_LayoutCategoryKit/TFY_Chain/TFY_ChainBase (2.5.1)
  - TFY_LayoutCategoryKit/TFY_Chain/TFY_UIGesture (2.5.1):
    - TFY_LayoutCategoryKit/TFY_Categories/TFY_UI
    - TFY_LayoutCategoryKit/TFY_Chain/TFY_ChainBase
  - TFY_LayoutCategoryKit/TFY_Chain/TFY_UIView (2.5.1):
    - TFY_LayoutCategoryKit/TFY_Categories/TFY_Foundation
    - TFY_LayoutCategoryKit/TFY_Categories/TFY_UI
    - TFY_LayoutCategoryKit/TFY_Chain/TFY_CALayer
    - TFY_LayoutCategoryKit/TFY_Chain/TFY_ChainBase
    - TFY_LayoutCategoryKit/TFY_Chain/TFY_UIGesture
  - TFY_LayoutCategoryKit/TFY_Tools (2.5.1)
  - TFY_Navigation (2.9.1):
    - TFY_Navigation/TFY_NavControoler (= 2.9.1)
  - TFY_Navigation/TFY_NavControoler (2.9.1)
  - TFY_ProgressHUD (2.4.8)
  - TFY_TabBarKit (1.1.6):
    - TFY_TabBarKit/TFY_SystemTabBar (= 1.1.6)
  - TFY_TabBarKit/TFY_SystemTabBar (1.1.6)

DEPENDENCIES:
  - TFY_AutoLayout
  - TFY_LayoutCategoryKit
  - TFY_Navigation
  - TFY_ProgressHUD
  - TFY_TabBarKit

SPEC REPOS:
  trunk:
    - TFY_AutoLayout
    - TFY_LayoutCategoryKit
    - TFY_Navigation
    - TFY_ProgressHUD
    - TFY_TabBarKit

SPEC CHECKSUMS:
  TFY_AutoLayout: 51019bdcdb78b9a145bd0ed351d23be93379dc0b
  TFY_LayoutCategoryKit: 0323091f5a7c2433b0cf1d6038d915a04ed0dd59
  TFY_Navigation: c767fc6a1ed6cff83b88c41d7d077f47777c6c41
  TFY_ProgressHUD: cd69a1005edd6c9527c7c4dfa8df09c1f09c3006
  TFY_TabBarKit: 2a96e8283d76da957d17d4c473b21e8b5a005805

PODFILE CHECKSUM: 8e672fce6943295f1567218300a7a820e08af8c6

COCOAPODS: 1.11.3
