// !$*UTF8*$!
{
	archiveVersion = 1;
	classes = {
	};
	objectVersion = 51;
	objects = {

/* Begin PBXBuildFile section */
		3623FC2123419E5700A96C3A /* LaunchScreen.storyboard in Resources */ = {isa = PBXBuildFile; fileRef = 3623FC2023419E5700A96C3A /* LaunchScreen.storyboard */; };
		3651C1DA250727F5002701E7 /* TFY_TabBarController.m in Sources */ = {isa = PBXBuildFile; fileRef = 3651C1D9250727F5002701E7 /* TFY_TabBarController.m */; };
		3651C1E725072A3C002701E7 /* TFY_HomeController.m in Sources */ = {isa = PBXBuildFile; fileRef = 3651C1E625072A3C002701E7 /* TFY_HomeController.m */; };
		3651C1EA25072A60002701E7 /* TFY_MineController.m in Sources */ = {isa = PBXBuildFile; fileRef = 3651C1E925072A60002701E7 /* TFY_MineController.m */; };
		3651C1F025072F1E002701E7 /* TFY_HomeTableViewCell.m in Sources */ = {isa = PBXBuildFile; fileRef = 3651C1EF25072F1E002701E7 /* TFY_HomeTableViewCell.m */; };
		3651C1F32507310A002701E7 /* TFY_BlueModel.m in Sources */ = {isa = PBXBuildFile; fileRef = 3651C1F22507310A002701E7 /* TFY_BlueModel.m */; };
		3651C1F625075A62002701E7 /* TFY_DetailViewController.m in Sources */ = {isa = PBXBuildFile; fileRef = 3651C1F525075A62002701E7 /* TFY_DetailViewController.m */; };
		3651C1F925075E73002701E7 /* TFY_DetailOneTableViewCell.m in Sources */ = {isa = PBXBuildFile; fileRef = 3651C1F825075E73002701E7 /* TFY_DetailOneTableViewCell.m */; };
		3651C20225076723002701E7 /* TFY_DetailHeaderView.m in Sources */ = {isa = PBXBuildFile; fileRef = 3651C20125076723002701E7 /* TFY_DetailHeaderView.m */; };
		3651C20525076757002701E7 /* TFY_DetailHeaderFooterView.m in Sources */ = {isa = PBXBuildFile; fileRef = 3651C20425076757002701E7 /* TFY_DetailHeaderFooterView.m */; };
		3651C20825076CFF002701E7 /* TFY_DetailOperationController.m in Sources */ = {isa = PBXBuildFile; fileRef = 3651C20725076CFF002701E7 /* TFY_DetailOperationController.m */; };
		3651C20B25076E36002701E7 /* TFY_DetailOperationCell.m in Sources */ = {isa = PBXBuildFile; fileRef = 3651C20A25076E36002701E7 /* TFY_DetailOperationCell.m */; };
		3651C20E2507756A002701E7 /* TFY_MineTableViewCell.m in Sources */ = {isa = PBXBuildFile; fileRef = 3651C20D2507756A002701E7 /* TFY_MineTableViewCell.m */; };
		3651C211250776EE002701E7 /* TFY_ExampleScanNameController.m in Sources */ = {isa = PBXBuildFile; fileRef = 3651C210250776EE002701E7 /* TFY_ExampleScanNameController.m */; };
		3651C2142507790D002701E7 /* TFY_ExampleScanRuleController.m in Sources */ = {isa = PBXBuildFile; fileRef = 3651C2132507790D002701E7 /* TFY_ExampleScanRuleController.m */; };
		3651C217250779AF002701E7 /* TFY_ExampleSavedController.m in Sources */ = {isa = PBXBuildFile; fileRef = 3651C216250779AF002701E7 /* TFY_ExampleSavedController.m */; };
		3651C21A25077A22002701E7 /* TFY_BindingDeviceView.m in Sources */ = {isa = PBXBuildFile; fileRef = 3651C21925077A22002701E7 /* TFY_BindingDeviceView.m */; };
		3651C21D25077CD5002701E7 /* TFY_ExampleOneLineCodeController.m in Sources */ = {isa = PBXBuildFile; fileRef = 3651C21C25077CD5002701E7 /* TFY_ExampleOneLineCodeController.m */; };
		3651C22025077D4A002701E7 /* TFY_ExampleAllRuleDeviceController.m in Sources */ = {isa = PBXBuildFile; fileRef = 3651C21F25077D4A002701E7 /* TFY_ExampleAllRuleDeviceController.m */; };
		36CB6311238FDF6A005976FF /* TFY_EasyUtils.m in Sources */ = {isa = PBXBuildFile; fileRef = 36CB630F238FDF6A005976FF /* TFY_EasyUtils.m */; };
		36CB6320238FFB77005976FF /* TFY_EasyManagerOptions.m in Sources */ = {isa = PBXBuildFile; fileRef = 36CB6312238FFB76005976FF /* TFY_EasyManagerOptions.m */; };
		36CB6321238FFB77005976FF /* TFY_EasyPeripheral.m in Sources */ = {isa = PBXBuildFile; fileRef = 36CB6315238FFB76005976FF /* TFY_EasyPeripheral.m */; };
		36CB6322238FFB77005976FF /* TFY_EasyService.m in Sources */ = {isa = PBXBuildFile; fileRef = 36CB6316238FFB76005976FF /* TFY_EasyService.m */; };
		36CB6323238FFB77005976FF /* TFY_EasyCenterManager.m in Sources */ = {isa = PBXBuildFile; fileRef = 36CB6318238FFB76005976FF /* TFY_EasyCenterManager.m */; };
		36CB6324238FFB77005976FF /* TFY_EasyDescriptor.m in Sources */ = {isa = PBXBuildFile; fileRef = 36CB631A238FFB76005976FF /* TFY_EasyDescriptor.m */; };
		36CB6325238FFB77005976FF /* TFY_EasyCharacteristic.m in Sources */ = {isa = PBXBuildFile; fileRef = 36CB631C238FFB76005976FF /* TFY_EasyCharacteristic.m */; };
		36CB6326238FFB77005976FF /* TFY_EasyBlueToothManager.m in Sources */ = {isa = PBXBuildFile; fileRef = 36CB631F238FFB77005976FF /* TFY_EasyBlueToothManager.m */; };
		565A15DF235E8C5700B36531 /* Foundation.framework in Frameworks */ = {isa = PBXBuildFile; fileRef = 5657EA5A233F59C6009BF1F3 /* Foundation.framework */; };
		565A15E0235E8C6000B36531 /* UIKit.framework in Frameworks */ = {isa = PBXBuildFile; fileRef = 5657EA5C233F59D0009BF1F3 /* UIKit.framework */; };
		5680B1C0233E3B1E0081C5FA /* Assets.xcassets in Resources */ = {isa = PBXBuildFile; fileRef = 5680B1BF233E3B1E0081C5FA /* Assets.xcassets */; };
		5680B1C6233E3B1E0081C5FA /* main.m in Sources */ = {isa = PBXBuildFile; fileRef = 5680B1C5233E3B1E0081C5FA /* main.m */; };
		5680B1D0233E3B1E0081C5FA /* TFY_CoreBluetoothTests.m in Sources */ = {isa = PBXBuildFile; fileRef = 5680B1CF233E3B1E0081C5FA /* TFY_CoreBluetoothTests.m */; };
		5680B1DB233E3B1E0081C5FA /* TFY_CoreBluetoothUITests.m in Sources */ = {isa = PBXBuildFile; fileRef = 5680B1DA233E3B1E0081C5FA /* TFY_CoreBluetoothUITests.m */; };
		5680B1F7233E3BF50081C5FA /* SceneDelegate.m in Sources */ = {isa = PBXBuildFile; fileRef = 5680B1EA233E3BF50081C5FA /* SceneDelegate.m */; };
		5680B1F8233E3BF50081C5FA /* AppDelegate.m in Sources */ = {isa = PBXBuildFile; fileRef = 5680B1EB233E3BF50081C5FA /* AppDelegate.m */; };
		D06875F8099682505D626B8D /* libPods-TFY_CoreBluetooth.a in Frameworks */ = {isa = PBXBuildFile; fileRef = 9A145CC70B8E36D43BDBE86A /* libPods-TFY_CoreBluetooth.a */; };
/* End PBXBuildFile section */

/* Begin PBXContainerItemProxy section */
		5680B1CC233E3B1E0081C5FA /* PBXContainerItemProxy */ = {
			isa = PBXContainerItemProxy;
			containerPortal = 5680B1A8233E3B1C0081C5FA /* Project object */;
			proxyType = 1;
			remoteGlobalIDString = 5680B1AF233E3B1C0081C5FA;
			remoteInfo = TFY_CoreBluetooth;
		};
		5680B1D7233E3B1E0081C5FA /* PBXContainerItemProxy */ = {
			isa = PBXContainerItemProxy;
			containerPortal = 5680B1A8233E3B1C0081C5FA /* Project object */;
			proxyType = 1;
			remoteGlobalIDString = 5680B1AF233E3B1C0081C5FA;
			remoteInfo = TFY_CoreBluetooth;
		};
/* End PBXContainerItemProxy section */

/* Begin PBXFileReference section */
		167A0B125495DDCAC4FB1D53 /* Pods-TFY_CoreBluetooth.debug.xcconfig */ = {isa = PBXFileReference; includeInIndex = 1; lastKnownFileType = text.xcconfig; name = "Pods-TFY_CoreBluetooth.debug.xcconfig"; path = "Target Support Files/Pods-TFY_CoreBluetooth/Pods-TFY_CoreBluetooth.debug.xcconfig"; sourceTree = "<group>"; };
		221A43D2EE06B8964A3649EB /* Pods-TFY_CoreBluetooth.release.xcconfig */ = {isa = PBXFileReference; includeInIndex = 1; lastKnownFileType = text.xcconfig; name = "Pods-TFY_CoreBluetooth.release.xcconfig"; path = "Target Support Files/Pods-TFY_CoreBluetooth/Pods-TFY_CoreBluetooth.release.xcconfig"; sourceTree = "<group>"; };
		3623FC2023419E5700A96C3A /* LaunchScreen.storyboard */ = {isa = PBXFileReference; lastKnownFileType = file.storyboard; path = LaunchScreen.storyboard; sourceTree = "<group>"; };
		3651C1D8250727F5002701E7 /* TFY_TabBarController.h */ = {isa = PBXFileReference; lastKnownFileType = sourcecode.c.h; path = TFY_TabBarController.h; sourceTree = "<group>"; };
		3651C1D9250727F5002701E7 /* TFY_TabBarController.m */ = {isa = PBXFileReference; lastKnownFileType = sourcecode.c.objc; path = TFY_TabBarController.m; sourceTree = "<group>"; };
		3651C1E525072A3C002701E7 /* TFY_HomeController.h */ = {isa = PBXFileReference; lastKnownFileType = sourcecode.c.h; path = TFY_HomeController.h; sourceTree = "<group>"; };
		3651C1E625072A3C002701E7 /* TFY_HomeController.m */ = {isa = PBXFileReference; lastKnownFileType = sourcecode.c.objc; path = TFY_HomeController.m; sourceTree = "<group>"; };
		3651C1E825072A60002701E7 /* TFY_MineController.h */ = {isa = PBXFileReference; lastKnownFileType = sourcecode.c.h; path = TFY_MineController.h; sourceTree = "<group>"; };
		3651C1E925072A60002701E7 /* TFY_MineController.m */ = {isa = PBXFileReference; lastKnownFileType = sourcecode.c.objc; path = TFY_MineController.m; sourceTree = "<group>"; };
		3651C1EE25072F1E002701E7 /* TFY_HomeTableViewCell.h */ = {isa = PBXFileReference; lastKnownFileType = sourcecode.c.h; path = TFY_HomeTableViewCell.h; sourceTree = "<group>"; };
		3651C1EF25072F1E002701E7 /* TFY_HomeTableViewCell.m */ = {isa = PBXFileReference; lastKnownFileType = sourcecode.c.objc; path = TFY_HomeTableViewCell.m; sourceTree = "<group>"; };
		3651C1F12507310A002701E7 /* TFY_BlueModel.h */ = {isa = PBXFileReference; lastKnownFileType = sourcecode.c.h; path = TFY_BlueModel.h; sourceTree = "<group>"; };
		3651C1F22507310A002701E7 /* TFY_BlueModel.m */ = {isa = PBXFileReference; lastKnownFileType = sourcecode.c.objc; path = TFY_BlueModel.m; sourceTree = "<group>"; };
		3651C1F425075A62002701E7 /* TFY_DetailViewController.h */ = {isa = PBXFileReference; lastKnownFileType = sourcecode.c.h; path = TFY_DetailViewController.h; sourceTree = "<group>"; };
		3651C1F525075A62002701E7 /* TFY_DetailViewController.m */ = {isa = PBXFileReference; lastKnownFileType = sourcecode.c.objc; path = TFY_DetailViewController.m; sourceTree = "<group>"; };
		3651C1F725075E73002701E7 /* TFY_DetailOneTableViewCell.h */ = {isa = PBXFileReference; lastKnownFileType = sourcecode.c.h; path = TFY_DetailOneTableViewCell.h; sourceTree = "<group>"; };
		3651C1F825075E73002701E7 /* TFY_DetailOneTableViewCell.m */ = {isa = PBXFileReference; lastKnownFileType = sourcecode.c.objc; path = TFY_DetailOneTableViewCell.m; sourceTree = "<group>"; };
		3651C20025076723002701E7 /* TFY_DetailHeaderView.h */ = {isa = PBXFileReference; lastKnownFileType = sourcecode.c.h; path = TFY_DetailHeaderView.h; sourceTree = "<group>"; };
		3651C20125076723002701E7 /* TFY_DetailHeaderView.m */ = {isa = PBXFileReference; lastKnownFileType = sourcecode.c.objc; path = TFY_DetailHeaderView.m; sourceTree = "<group>"; };
		3651C20325076756002701E7 /* TFY_DetailHeaderFooterView.h */ = {isa = PBXFileReference; fileEncoding = 4; lastKnownFileType = sourcecode.c.h; path = TFY_DetailHeaderFooterView.h; sourceTree = "<group>"; };
		3651C20425076757002701E7 /* TFY_DetailHeaderFooterView.m */ = {isa = PBXFileReference; fileEncoding = 4; lastKnownFileType = sourcecode.c.objc; path = TFY_DetailHeaderFooterView.m; sourceTree = "<group>"; };
		3651C20625076CFF002701E7 /* TFY_DetailOperationController.h */ = {isa = PBXFileReference; lastKnownFileType = sourcecode.c.h; path = TFY_DetailOperationController.h; sourceTree = "<group>"; };
		3651C20725076CFF002701E7 /* TFY_DetailOperationController.m */ = {isa = PBXFileReference; lastKnownFileType = sourcecode.c.objc; path = TFY_DetailOperationController.m; sourceTree = "<group>"; };
		3651C20925076E36002701E7 /* TFY_DetailOperationCell.h */ = {isa = PBXFileReference; lastKnownFileType = sourcecode.c.h; path = TFY_DetailOperationCell.h; sourceTree = "<group>"; };
		3651C20A25076E36002701E7 /* TFY_DetailOperationCell.m */ = {isa = PBXFileReference; lastKnownFileType = sourcecode.c.objc; path = TFY_DetailOperationCell.m; sourceTree = "<group>"; };
		3651C20C2507756A002701E7 /* TFY_MineTableViewCell.h */ = {isa = PBXFileReference; lastKnownFileType = sourcecode.c.h; path = TFY_MineTableViewCell.h; sourceTree = "<group>"; };
		3651C20D2507756A002701E7 /* TFY_MineTableViewCell.m */ = {isa = PBXFileReference; lastKnownFileType = sourcecode.c.objc; path = TFY_MineTableViewCell.m; sourceTree = "<group>"; };
		3651C20F250776EE002701E7 /* TFY_ExampleScanNameController.h */ = {isa = PBXFileReference; lastKnownFileType = sourcecode.c.h; path = TFY_ExampleScanNameController.h; sourceTree = "<group>"; };
		3651C210250776EE002701E7 /* TFY_ExampleScanNameController.m */ = {isa = PBXFileReference; lastKnownFileType = sourcecode.c.objc; path = TFY_ExampleScanNameController.m; sourceTree = "<group>"; };
		3651C2122507790D002701E7 /* TFY_ExampleScanRuleController.h */ = {isa = PBXFileReference; lastKnownFileType = sourcecode.c.h; path = TFY_ExampleScanRuleController.h; sourceTree = "<group>"; };
		3651C2132507790D002701E7 /* TFY_ExampleScanRuleController.m */ = {isa = PBXFileReference; lastKnownFileType = sourcecode.c.objc; path = TFY_ExampleScanRuleController.m; sourceTree = "<group>"; };
		3651C215250779AF002701E7 /* TFY_ExampleSavedController.h */ = {isa = PBXFileReference; lastKnownFileType = sourcecode.c.h; path = TFY_ExampleSavedController.h; sourceTree = "<group>"; };
		3651C216250779AF002701E7 /* TFY_ExampleSavedController.m */ = {isa = PBXFileReference; lastKnownFileType = sourcecode.c.objc; path = TFY_ExampleSavedController.m; sourceTree = "<group>"; };
		3651C21825077A22002701E7 /* TFY_BindingDeviceView.h */ = {isa = PBXFileReference; lastKnownFileType = sourcecode.c.h; path = TFY_BindingDeviceView.h; sourceTree = "<group>"; };
		3651C21925077A22002701E7 /* TFY_BindingDeviceView.m */ = {isa = PBXFileReference; lastKnownFileType = sourcecode.c.objc; path = TFY_BindingDeviceView.m; sourceTree = "<group>"; };
		3651C21B25077CD5002701E7 /* TFY_ExampleOneLineCodeController.h */ = {isa = PBXFileReference; lastKnownFileType = sourcecode.c.h; path = TFY_ExampleOneLineCodeController.h; sourceTree = "<group>"; };
		3651C21C25077CD5002701E7 /* TFY_ExampleOneLineCodeController.m */ = {isa = PBXFileReference; lastKnownFileType = sourcecode.c.objc; path = TFY_ExampleOneLineCodeController.m; sourceTree = "<group>"; };
		3651C21E25077D4A002701E7 /* TFY_ExampleAllRuleDeviceController.h */ = {isa = PBXFileReference; lastKnownFileType = sourcecode.c.h; path = TFY_ExampleAllRuleDeviceController.h; sourceTree = "<group>"; };
		3651C21F25077D4A002701E7 /* TFY_ExampleAllRuleDeviceController.m */ = {isa = PBXFileReference; lastKnownFileType = sourcecode.c.objc; path = TFY_ExampleAllRuleDeviceController.m; sourceTree = "<group>"; };
		36CB630F238FDF6A005976FF /* TFY_EasyUtils.m */ = {isa = PBXFileReference; fileEncoding = 4; lastKnownFileType = sourcecode.c.objc; path = TFY_EasyUtils.m; sourceTree = "<group>"; };
		36CB6310238FDF6A005976FF /* TFY_EasyUtils.h */ = {isa = PBXFileReference; fileEncoding = 4; lastKnownFileType = sourcecode.c.h; path = TFY_EasyUtils.h; sourceTree = "<group>"; };
		36CB6312238FFB76005976FF /* TFY_EasyManagerOptions.m */ = {isa = PBXFileReference; fileEncoding = 4; lastKnownFileType = sourcecode.c.objc; path = TFY_EasyManagerOptions.m; sourceTree = "<group>"; };
		36CB6313238FFB76005976FF /* TFY_EasyCharacteristic.h */ = {isa = PBXFileReference; fileEncoding = 4; lastKnownFileType = sourcecode.c.h; path = TFY_EasyCharacteristic.h; sourceTree = "<group>"; };
		36CB6314238FFB76005976FF /* TFY_EasyBlueToothManager.h */ = {isa = PBXFileReference; fileEncoding = 4; lastKnownFileType = sourcecode.c.h; path = TFY_EasyBlueToothManager.h; sourceTree = "<group>"; };
		36CB6315238FFB76005976FF /* TFY_EasyPeripheral.m */ = {isa = PBXFileReference; fileEncoding = 4; lastKnownFileType = sourcecode.c.objc; path = TFY_EasyPeripheral.m; sourceTree = "<group>"; };
		36CB6316238FFB76005976FF /* TFY_EasyService.m */ = {isa = PBXFileReference; fileEncoding = 4; lastKnownFileType = sourcecode.c.objc; path = TFY_EasyService.m; sourceTree = "<group>"; };
		36CB6317238FFB76005976FF /* TFY_EasyManagerOptions.h */ = {isa = PBXFileReference; fileEncoding = 4; lastKnownFileType = sourcecode.c.h; path = TFY_EasyManagerOptions.h; sourceTree = "<group>"; };
		36CB6318238FFB76005976FF /* TFY_EasyCenterManager.m */ = {isa = PBXFileReference; fileEncoding = 4; lastKnownFileType = sourcecode.c.objc; path = TFY_EasyCenterManager.m; sourceTree = "<group>"; };
		36CB6319238FFB76005976FF /* TFY_EasyService.h */ = {isa = PBXFileReference; fileEncoding = 4; lastKnownFileType = sourcecode.c.h; path = TFY_EasyService.h; sourceTree = "<group>"; };
		36CB631A238FFB76005976FF /* TFY_EasyDescriptor.m */ = {isa = PBXFileReference; fileEncoding = 4; lastKnownFileType = sourcecode.c.objc; path = TFY_EasyDescriptor.m; sourceTree = "<group>"; };
		36CB631B238FFB76005976FF /* TFY_EasyPeripheral.h */ = {isa = PBXFileReference; fileEncoding = 4; lastKnownFileType = sourcecode.c.h; path = TFY_EasyPeripheral.h; sourceTree = "<group>"; };
		36CB631C238FFB76005976FF /* TFY_EasyCharacteristic.m */ = {isa = PBXFileReference; fileEncoding = 4; lastKnownFileType = sourcecode.c.objc; path = TFY_EasyCharacteristic.m; sourceTree = "<group>"; };
		36CB631D238FFB77005976FF /* TFY_EasyCenterManager.h */ = {isa = PBXFileReference; fileEncoding = 4; lastKnownFileType = sourcecode.c.h; path = TFY_EasyCenterManager.h; sourceTree = "<group>"; };
		36CB631E238FFB77005976FF /* TFY_EasyDescriptor.h */ = {isa = PBXFileReference; fileEncoding = 4; lastKnownFileType = sourcecode.c.h; path = TFY_EasyDescriptor.h; sourceTree = "<group>"; };
		36CB631F238FFB77005976FF /* TFY_EasyBlueToothManager.m */ = {isa = PBXFileReference; fileEncoding = 4; lastKnownFileType = sourcecode.c.objc; path = TFY_EasyBlueToothManager.m; sourceTree = "<group>"; };
		36EE10FD250A144500D24B3C /* TFY_EasyBlueTooth.h */ = {isa = PBXFileReference; lastKnownFileType = sourcecode.c.h; path = TFY_EasyBlueTooth.h; sourceTree = "<group>"; };
		5657EA59233F56A9009BF1F3 /* TFY_BluePrefixHeader.pch */ = {isa = PBXFileReference; lastKnownFileType = sourcecode.c.h; path = TFY_BluePrefixHeader.pch; sourceTree = "<group>"; };
		5657EA5A233F59C6009BF1F3 /* Foundation.framework */ = {isa = PBXFileReference; lastKnownFileType = wrapper.framework; name = Foundation.framework; path = System/Library/Frameworks/Foundation.framework; sourceTree = SDKROOT; };
		5657EA5C233F59D0009BF1F3 /* UIKit.framework */ = {isa = PBXFileReference; lastKnownFileType = wrapper.framework; name = UIKit.framework; path = System/Library/Frameworks/UIKit.framework; sourceTree = SDKROOT; };
		5657EA5E233F64E1009BF1F3 /* libc++abi.tbd */ = {isa = PBXFileReference; lastKnownFileType = "sourcecode.text-based-dylib-definition"; name = "libc++abi.tbd"; path = "usr/lib/libc++abi.tbd"; sourceTree = SDKROOT; };
		565A15E1235E8C6800B36531 /* CoreBluetooth.framework */ = {isa = PBXFileReference; lastKnownFileType = wrapper.framework; name = CoreBluetooth.framework; path = System/Library/Frameworks/CoreBluetooth.framework; sourceTree = SDKROOT; };
		5680B1B0233E3B1C0081C5FA /* 蓝牙处理.app */ = {isa = PBXFileReference; explicitFileType = wrapper.application; includeInIndex = 0; path = "蓝牙处理.app"; sourceTree = BUILT_PRODUCTS_DIR; };
		5680B1BF233E3B1E0081C5FA /* Assets.xcassets */ = {isa = PBXFileReference; lastKnownFileType = folder.assetcatalog; path = Assets.xcassets; sourceTree = "<group>"; };
		5680B1C4233E3B1E0081C5FA /* Info.plist */ = {isa = PBXFileReference; lastKnownFileType = text.plist.xml; path = Info.plist; sourceTree = "<group>"; };
		5680B1C5233E3B1E0081C5FA /* main.m */ = {isa = PBXFileReference; lastKnownFileType = sourcecode.c.objc; path = main.m; sourceTree = "<group>"; };
		5680B1CB233E3B1E0081C5FA /* TFY_CoreBluetoothTests.xctest */ = {isa = PBXFileReference; explicitFileType = wrapper.cfbundle; includeInIndex = 0; path = TFY_CoreBluetoothTests.xctest; sourceTree = BUILT_PRODUCTS_DIR; };
		5680B1CF233E3B1E0081C5FA /* TFY_CoreBluetoothTests.m */ = {isa = PBXFileReference; lastKnownFileType = sourcecode.c.objc; path = TFY_CoreBluetoothTests.m; sourceTree = "<group>"; };
		5680B1D1233E3B1E0081C5FA /* Info.plist */ = {isa = PBXFileReference; lastKnownFileType = text.plist.xml; path = Info.plist; sourceTree = "<group>"; };
		5680B1D6233E3B1E0081C5FA /* TFY_CoreBluetoothUITests.xctest */ = {isa = PBXFileReference; explicitFileType = wrapper.cfbundle; includeInIndex = 0; path = TFY_CoreBluetoothUITests.xctest; sourceTree = BUILT_PRODUCTS_DIR; };
		5680B1DA233E3B1E0081C5FA /* TFY_CoreBluetoothUITests.m */ = {isa = PBXFileReference; lastKnownFileType = sourcecode.c.objc; path = TFY_CoreBluetoothUITests.m; sourceTree = "<group>"; };
		5680B1DC233E3B1E0081C5FA /* Info.plist */ = {isa = PBXFileReference; lastKnownFileType = text.plist.xml; path = Info.plist; sourceTree = "<group>"; };
		5680B1E9233E3BF50081C5FA /* AppDelegate.h */ = {isa = PBXFileReference; fileEncoding = 4; lastKnownFileType = sourcecode.c.h; path = AppDelegate.h; sourceTree = "<group>"; };
		5680B1EA233E3BF50081C5FA /* SceneDelegate.m */ = {isa = PBXFileReference; fileEncoding = 4; lastKnownFileType = sourcecode.c.objc; path = SceneDelegate.m; sourceTree = "<group>"; };
		5680B1EB233E3BF50081C5FA /* AppDelegate.m */ = {isa = PBXFileReference; fileEncoding = 4; lastKnownFileType = sourcecode.c.objc; path = AppDelegate.m; sourceTree = "<group>"; };
		5680B1EC233E3BF50081C5FA /* SceneDelegate.h */ = {isa = PBXFileReference; fileEncoding = 4; lastKnownFileType = sourcecode.c.h; path = SceneDelegate.h; sourceTree = "<group>"; };
		9A145CC70B8E36D43BDBE86A /* libPods-TFY_CoreBluetooth.a */ = {isa = PBXFileReference; explicitFileType = archive.ar; includeInIndex = 0; path = "libPods-TFY_CoreBluetooth.a"; sourceTree = BUILT_PRODUCTS_DIR; };
/* End PBXFileReference section */

/* Begin PBXFrameworksBuildPhase section */
		5680B1AD233E3B1C0081C5FA /* Frameworks */ = {
			isa = PBXFrameworksBuildPhase;
			buildActionMask = 2147483647;
			files = (
				D06875F8099682505D626B8D /* libPods-TFY_CoreBluetooth.a in Frameworks */,
				565A15E0235E8C6000B36531 /* UIKit.framework in Frameworks */,
				565A15DF235E8C5700B36531 /* Foundation.framework in Frameworks */,
			);
			runOnlyForDeploymentPostprocessing = 0;
		};
		5680B1C8233E3B1E0081C5FA /* Frameworks */ = {
			isa = PBXFrameworksBuildPhase;
			buildActionMask = 2147483647;
			files = (
			);
			runOnlyForDeploymentPostprocessing = 0;
		};
		5680B1D3233E3B1E0081C5FA /* Frameworks */ = {
			isa = PBXFrameworksBuildPhase;
			buildActionMask = 2147483647;
			files = (
			);
			runOnlyForDeploymentPostprocessing = 0;
		};
/* End PBXFrameworksBuildPhase section */

/* Begin PBXGroup section */
		3651C1D7250727D7002701E7 /* TFY_TabBar */ = {
			isa = PBXGroup;
			children = (
				3651C1D8250727F5002701E7 /* TFY_TabBarController.h */,
				3651C1D9250727F5002701E7 /* TFY_TabBarController.m */,
			);
			path = TFY_TabBar;
			sourceTree = "<group>";
		};
		3651C1DB25072A05002701E7 /* Home */ = {
			isa = PBXGroup;
			children = (
				3651C1DC25072A05002701E7 /* Controller */,
				3651C1DD25072A05002701E7 /* Cell */,
				3651C1DE25072A05002701E7 /* Model */,
				3651C1DF25072A05002701E7 /* View */,
			);
			path = Home;
			sourceTree = "<group>";
		};
		3651C1DC25072A05002701E7 /* Controller */ = {
			isa = PBXGroup;
			children = (
				3651C1E525072A3C002701E7 /* TFY_HomeController.h */,
				3651C1E625072A3C002701E7 /* TFY_HomeController.m */,
				3651C1F425075A62002701E7 /* TFY_DetailViewController.h */,
				3651C1F525075A62002701E7 /* TFY_DetailViewController.m */,
				3651C20625076CFF002701E7 /* TFY_DetailOperationController.h */,
				3651C20725076CFF002701E7 /* TFY_DetailOperationController.m */,
			);
			path = Controller;
			sourceTree = "<group>";
		};
		3651C1DD25072A05002701E7 /* Cell */ = {
			isa = PBXGroup;
			children = (
				3651C1EE25072F1E002701E7 /* TFY_HomeTableViewCell.h */,
				3651C1EF25072F1E002701E7 /* TFY_HomeTableViewCell.m */,
				3651C1F725075E73002701E7 /* TFY_DetailOneTableViewCell.h */,
				3651C1F825075E73002701E7 /* TFY_DetailOneTableViewCell.m */,
				3651C20925076E36002701E7 /* TFY_DetailOperationCell.h */,
				3651C20A25076E36002701E7 /* TFY_DetailOperationCell.m */,
			);
			path = Cell;
			sourceTree = "<group>";
		};
		3651C1DE25072A05002701E7 /* Model */ = {
			isa = PBXGroup;
			children = (
				3651C1F12507310A002701E7 /* TFY_BlueModel.h */,
				3651C1F22507310A002701E7 /* TFY_BlueModel.m */,
			);
			path = Model;
			sourceTree = "<group>";
		};
		3651C1DF25072A05002701E7 /* View */ = {
			isa = PBXGroup;
			children = (
				3651C20325076756002701E7 /* TFY_DetailHeaderFooterView.h */,
				3651C20425076757002701E7 /* TFY_DetailHeaderFooterView.m */,
				3651C20025076723002701E7 /* TFY_DetailHeaderView.h */,
				3651C20125076723002701E7 /* TFY_DetailHeaderView.m */,
			);
			path = View;
			sourceTree = "<group>";
		};
		3651C1E025072A05002701E7 /* Mine */ = {
			isa = PBXGroup;
			children = (
				3651C1E125072A05002701E7 /* Controller */,
				3651C1E225072A05002701E7 /* Cell */,
				3651C1E425072A05002701E7 /* View */,
			);
			path = Mine;
			sourceTree = "<group>";
		};
		3651C1E125072A05002701E7 /* Controller */ = {
			isa = PBXGroup;
			children = (
				3651C1E825072A60002701E7 /* TFY_MineController.h */,
				3651C1E925072A60002701E7 /* TFY_MineController.m */,
				3651C20F250776EE002701E7 /* TFY_ExampleScanNameController.h */,
				3651C210250776EE002701E7 /* TFY_ExampleScanNameController.m */,
				3651C2122507790D002701E7 /* TFY_ExampleScanRuleController.h */,
				3651C2132507790D002701E7 /* TFY_ExampleScanRuleController.m */,
				3651C215250779AF002701E7 /* TFY_ExampleSavedController.h */,
				3651C216250779AF002701E7 /* TFY_ExampleSavedController.m */,
				3651C21B25077CD5002701E7 /* TFY_ExampleOneLineCodeController.h */,
				3651C21C25077CD5002701E7 /* TFY_ExampleOneLineCodeController.m */,
				3651C21E25077D4A002701E7 /* TFY_ExampleAllRuleDeviceController.h */,
				3651C21F25077D4A002701E7 /* TFY_ExampleAllRuleDeviceController.m */,
			);
			path = Controller;
			sourceTree = "<group>";
		};
		3651C1E225072A05002701E7 /* Cell */ = {
			isa = PBXGroup;
			children = (
				3651C20C2507756A002701E7 /* TFY_MineTableViewCell.h */,
				3651C20D2507756A002701E7 /* TFY_MineTableViewCell.m */,
			);
			path = Cell;
			sourceTree = "<group>";
		};
		3651C1E425072A05002701E7 /* View */ = {
			isa = PBXGroup;
			children = (
				3651C21825077A22002701E7 /* TFY_BindingDeviceView.h */,
				3651C21925077A22002701E7 /* TFY_BindingDeviceView.m */,
			);
			path = View;
			sourceTree = "<group>";
		};
		3833D67B37ED0A334B3757AB /* Frameworks */ = {
			isa = PBXGroup;
			children = (
				565A15E1235E8C6800B36531 /* CoreBluetooth.framework */,
				5657EA5E233F64E1009BF1F3 /* libc++abi.tbd */,
				5657EA5C233F59D0009BF1F3 /* UIKit.framework */,
				5657EA5A233F59C6009BF1F3 /* Foundation.framework */,
				9A145CC70B8E36D43BDBE86A /* libPods-TFY_CoreBluetooth.a */,
			);
			name = Frameworks;
			sourceTree = "<group>";
		};
		565A15C3235E885600B36531 /* TFY_EasyBlueTooth */ = {
			isa = PBXGroup;
			children = (
				36EE10FD250A144500D24B3C /* TFY_EasyBlueTooth.h */,
				36CB6314238FFB76005976FF /* TFY_EasyBlueToothManager.h */,
				36CB631F238FFB77005976FF /* TFY_EasyBlueToothManager.m */,
				36CB631D238FFB77005976FF /* TFY_EasyCenterManager.h */,
				36CB6318238FFB76005976FF /* TFY_EasyCenterManager.m */,
				36CB6313238FFB76005976FF /* TFY_EasyCharacteristic.h */,
				36CB631C238FFB76005976FF /* TFY_EasyCharacteristic.m */,
				36CB631E238FFB77005976FF /* TFY_EasyDescriptor.h */,
				36CB631A238FFB76005976FF /* TFY_EasyDescriptor.m */,
				36CB6317238FFB76005976FF /* TFY_EasyManagerOptions.h */,
				36CB6312238FFB76005976FF /* TFY_EasyManagerOptions.m */,
				36CB631B238FFB76005976FF /* TFY_EasyPeripheral.h */,
				36CB6315238FFB76005976FF /* TFY_EasyPeripheral.m */,
				36CB6319238FFB76005976FF /* TFY_EasyService.h */,
				36CB6316238FFB76005976FF /* TFY_EasyService.m */,
				36CB6310238FDF6A005976FF /* TFY_EasyUtils.h */,
				36CB630F238FDF6A005976FF /* TFY_EasyUtils.m */,
			);
			path = TFY_EasyBlueTooth;
			sourceTree = "<group>";
		};
		5680B1A7233E3B1C0081C5FA = {
			isa = PBXGroup;
			children = (
				5680B1B2233E3B1C0081C5FA /* TFY_CoreBluetooth */,
				5680B1CE233E3B1E0081C5FA /* TFY_CoreBluetoothTests */,
				5680B1D9233E3B1E0081C5FA /* TFY_CoreBluetoothUITests */,
				5680B1B1233E3B1C0081C5FA /* Products */,
				F266171B89C12ED2C1B50D9F /* Pods */,
				3833D67B37ED0A334B3757AB /* Frameworks */,
			);
			sourceTree = "<group>";
		};
		5680B1B1233E3B1C0081C5FA /* Products */ = {
			isa = PBXGroup;
			children = (
				5680B1B0233E3B1C0081C5FA /* 蓝牙处理.app */,
				5680B1CB233E3B1E0081C5FA /* TFY_CoreBluetoothTests.xctest */,
				5680B1D6233E3B1E0081C5FA /* TFY_CoreBluetoothUITests.xctest */,
			);
			name = Products;
			sourceTree = "<group>";
		};
		5680B1B2233E3B1C0081C5FA /* TFY_CoreBluetooth */ = {
			isa = PBXGroup;
			children = (
				3651C1D7250727D7002701E7 /* TFY_TabBar */,
				565A15C3235E885600B36531 /* TFY_EasyBlueTooth */,
				5680B1E8233E3BF50081C5FA /* AppDelegate */,
				5680B1ED233E3BF50081C5FA /* Class */,
				5680B1BF233E3B1E0081C5FA /* Assets.xcassets */,
				5680B1C4233E3B1E0081C5FA /* Info.plist */,
				5680B1C5233E3B1E0081C5FA /* main.m */,
				3623FC2023419E5700A96C3A /* LaunchScreen.storyboard */,
			);
			path = TFY_CoreBluetooth;
			sourceTree = "<group>";
		};
		5680B1CE233E3B1E0081C5FA /* TFY_CoreBluetoothTests */ = {
			isa = PBXGroup;
			children = (
				5680B1CF233E3B1E0081C5FA /* TFY_CoreBluetoothTests.m */,
				5680B1D1233E3B1E0081C5FA /* Info.plist */,
			);
			path = TFY_CoreBluetoothTests;
			sourceTree = "<group>";
		};
		5680B1D9233E3B1E0081C5FA /* TFY_CoreBluetoothUITests */ = {
			isa = PBXGroup;
			children = (
				5680B1DA233E3B1E0081C5FA /* TFY_CoreBluetoothUITests.m */,
				5680B1DC233E3B1E0081C5FA /* Info.plist */,
			);
			path = TFY_CoreBluetoothUITests;
			sourceTree = "<group>";
		};
		5680B1E8233E3BF50081C5FA /* AppDelegate */ = {
			isa = PBXGroup;
			children = (
				5680B1E9233E3BF50081C5FA /* AppDelegate.h */,
				5680B1EB233E3BF50081C5FA /* AppDelegate.m */,
				5680B1EC233E3BF50081C5FA /* SceneDelegate.h */,
				5680B1EA233E3BF50081C5FA /* SceneDelegate.m */,
				5657EA59233F56A9009BF1F3 /* TFY_BluePrefixHeader.pch */,
			);
			path = AppDelegate;
			sourceTree = "<group>";
		};
		5680B1ED233E3BF50081C5FA /* Class */ = {
			isa = PBXGroup;
			children = (
				3651C1DB25072A05002701E7 /* Home */,
				3651C1E025072A05002701E7 /* Mine */,
			);
			path = Class;
			sourceTree = "<group>";
		};
		F266171B89C12ED2C1B50D9F /* Pods */ = {
			isa = PBXGroup;
			children = (
				167A0B125495DDCAC4FB1D53 /* Pods-TFY_CoreBluetooth.debug.xcconfig */,
				221A43D2EE06B8964A3649EB /* Pods-TFY_CoreBluetooth.release.xcconfig */,
			);
			path = Pods;
			sourceTree = "<group>";
		};
/* End PBXGroup section */

/* Begin PBXNativeTarget section */
		5680B1AF233E3B1C0081C5FA /* TFY_CoreBluetooth */ = {
			isa = PBXNativeTarget;
			buildConfigurationList = 5680B1DF233E3B1E0081C5FA /* Build configuration list for PBXNativeTarget "TFY_CoreBluetooth" */;
			buildPhases = (
				67A9347F64C0B543B7D9C00F /* [CP] Check Pods Manifest.lock */,
				5680B1AC233E3B1C0081C5FA /* Sources */,
				5680B1AD233E3B1C0081C5FA /* Frameworks */,
				5680B1AE233E3B1C0081C5FA /* Resources */,
				C095DC25C331A3DC1553FE3B /* [CP] Copy Pods Resources */,
			);
			buildRules = (
			);
			dependencies = (
			);
			name = TFY_CoreBluetooth;
			productName = TFY_CoreBluetooth;
			productReference = 5680B1B0233E3B1C0081C5FA /* 蓝牙处理.app */;
			productType = "com.apple.product-type.application";
		};
		5680B1CA233E3B1E0081C5FA /* TFY_CoreBluetoothTests */ = {
			isa = PBXNativeTarget;
			buildConfigurationList = 5680B1E2233E3B1E0081C5FA /* Build configuration list for PBXNativeTarget "TFY_CoreBluetoothTests" */;
			buildPhases = (
				5680B1C7233E3B1E0081C5FA /* Sources */,
				5680B1C8233E3B1E0081C5FA /* Frameworks */,
				5680B1C9233E3B1E0081C5FA /* Resources */,
			);
			buildRules = (
			);
			dependencies = (
				5680B1CD233E3B1E0081C5FA /* PBXTargetDependency */,
			);
			name = TFY_CoreBluetoothTests;
			productName = TFY_CoreBluetoothTests;
			productReference = 5680B1CB233E3B1E0081C5FA /* TFY_CoreBluetoothTests.xctest */;
			productType = "com.apple.product-type.bundle.unit-test";
		};
		5680B1D5233E3B1E0081C5FA /* TFY_CoreBluetoothUITests */ = {
			isa = PBXNativeTarget;
			buildConfigurationList = 5680B1E5233E3B1E0081C5FA /* Build configuration list for PBXNativeTarget "TFY_CoreBluetoothUITests" */;
			buildPhases = (
				5680B1D2233E3B1E0081C5FA /* Sources */,
				5680B1D3233E3B1E0081C5FA /* Frameworks */,
				5680B1D4233E3B1E0081C5FA /* Resources */,
			);
			buildRules = (
			);
			dependencies = (
				5680B1D8233E3B1E0081C5FA /* PBXTargetDependency */,
			);
			name = TFY_CoreBluetoothUITests;
			productName = TFY_CoreBluetoothUITests;
			productReference = 5680B1D6233E3B1E0081C5FA /* TFY_CoreBluetoothUITests.xctest */;
			productType = "com.apple.product-type.bundle.ui-testing";
		};
/* End PBXNativeTarget section */

/* Begin PBXProject section */
		5680B1A8233E3B1C0081C5FA /* Project object */ = {
			isa = PBXProject;
			attributes = {
				CLASSPREFIX = TFY_;
				LastUpgradeCheck = 1210;
				ORGANIZATIONNAME = "田风有";
				TargetAttributes = {
					5680B1AF233E3B1C0081C5FA = {
						CreatedOnToolsVersion = 11.0;
					};
					5680B1CA233E3B1E0081C5FA = {
						CreatedOnToolsVersion = 11.0;
						TestTargetID = 5680B1AF233E3B1C0081C5FA;
					};
					5680B1D5233E3B1E0081C5FA = {
						CreatedOnToolsVersion = 11.0;
						TestTargetID = 5680B1AF233E3B1C0081C5FA;
					};
				};
			};
			buildConfigurationList = 5680B1AB233E3B1C0081C5FA /* Build configuration list for PBXProject "TFY_CoreBluetooth" */;
			compatibilityVersion = "Xcode 9.3";
			developmentRegion = en;
			hasScannedForEncodings = 0;
			knownRegions = (
				en,
				Base,
			);
			mainGroup = 5680B1A7233E3B1C0081C5FA;
			productRefGroup = 5680B1B1233E3B1C0081C5FA /* Products */;
			projectDirPath = "";
			projectRoot = "";
			targets = (
				5680B1AF233E3B1C0081C5FA /* TFY_CoreBluetooth */,
				5680B1CA233E3B1E0081C5FA /* TFY_CoreBluetoothTests */,
				5680B1D5233E3B1E0081C5FA /* TFY_CoreBluetoothUITests */,
			);
		};
/* End PBXProject section */

/* Begin PBXResourcesBuildPhase section */
		5680B1AE233E3B1C0081C5FA /* Resources */ = {
			isa = PBXResourcesBuildPhase;
			buildActionMask = 2147483647;
			files = (
				3623FC2123419E5700A96C3A /* LaunchScreen.storyboard in Resources */,
				5680B1C0233E3B1E0081C5FA /* Assets.xcassets in Resources */,
			);
			runOnlyForDeploymentPostprocessing = 0;
		};
		5680B1C9233E3B1E0081C5FA /* Resources */ = {
			isa = PBXResourcesBuildPhase;
			buildActionMask = 2147483647;
			files = (
			);
			runOnlyForDeploymentPostprocessing = 0;
		};
		5680B1D4233E3B1E0081C5FA /* Resources */ = {
			isa = PBXResourcesBuildPhase;
			buildActionMask = 2147483647;
			files = (
			);
			runOnlyForDeploymentPostprocessing = 0;
		};
/* End PBXResourcesBuildPhase section */

/* Begin PBXShellScriptBuildPhase section */
		67A9347F64C0B543B7D9C00F /* [CP] Check Pods Manifest.lock */ = {
			isa = PBXShellScriptBuildPhase;
			buildActionMask = 2147483647;
			files = (
			);
			inputFileListPaths = (
			);
			inputPaths = (
				"${PODS_PODFILE_DIR_PATH}/Podfile.lock",
				"${PODS_ROOT}/Manifest.lock",
			);
			name = "[CP] Check Pods Manifest.lock";
			outputFileListPaths = (
			);
			outputPaths = (
				"$(DERIVED_FILE_DIR)/Pods-TFY_CoreBluetooth-checkManifestLockResult.txt",
			);
			runOnlyForDeploymentPostprocessing = 0;
			shellPath = /bin/sh;
			shellScript = "diff \"${PODS_PODFILE_DIR_PATH}/Podfile.lock\" \"${PODS_ROOT}/Manifest.lock\" > /dev/null\nif [ $? != 0 ] ; then\n    # print error to STDERR\n    echo \"error: The sandbox is not in sync with the Podfile.lock. Run 'pod install' or update your CocoaPods installation.\" >&2\n    exit 1\nfi\n# This output is used by Xcode 'outputs' to avoid re-running this script phase.\necho \"SUCCESS\" > \"${SCRIPT_OUTPUT_FILE_0}\"\n";
			showEnvVarsInLog = 0;
		};
		C095DC25C331A3DC1553FE3B /* [CP] Copy Pods Resources */ = {
			isa = PBXShellScriptBuildPhase;
			buildActionMask = 2147483647;
			files = (
			);
			inputFileListPaths = (
				"${PODS_ROOT}/Target Support Files/Pods-TFY_CoreBluetooth/Pods-TFY_CoreBluetooth-resources-${CONFIGURATION}-input-files.xcfilelist",
			);
			name = "[CP] Copy Pods Resources";
			outputFileListPaths = (
				"${PODS_ROOT}/Target Support Files/Pods-TFY_CoreBluetooth/Pods-TFY_CoreBluetooth-resources-${CONFIGURATION}-output-files.xcfilelist",
			);
			runOnlyForDeploymentPostprocessing = 0;
			shellPath = /bin/sh;
			shellScript = "\"${PODS_ROOT}/Target Support Files/Pods-TFY_CoreBluetooth/Pods-TFY_CoreBluetooth-resources.sh\"\n";
			showEnvVarsInLog = 0;
		};
/* End PBXShellScriptBuildPhase section */

/* Begin PBXSourcesBuildPhase section */
		5680B1AC233E3B1C0081C5FA /* Sources */ = {
			isa = PBXSourcesBuildPhase;
			buildActionMask = 2147483647;
			files = (
				3651C21A25077A22002701E7 /* TFY_BindingDeviceView.m in Sources */,
				3651C1EA25072A60002701E7 /* TFY_MineController.m in Sources */,
				3651C1F925075E73002701E7 /* TFY_DetailOneTableViewCell.m in Sources */,
				36CB6325238FFB77005976FF /* TFY_EasyCharacteristic.m in Sources */,
				3651C21D25077CD5002701E7 /* TFY_ExampleOneLineCodeController.m in Sources */,
				5680B1C6233E3B1E0081C5FA /* main.m in Sources */,
				5680B1F7233E3BF50081C5FA /* SceneDelegate.m in Sources */,
				3651C1F625075A62002701E7 /* TFY_DetailViewController.m in Sources */,
				5680B1F8233E3BF50081C5FA /* AppDelegate.m in Sources */,
				3651C1F32507310A002701E7 /* TFY_BlueModel.m in Sources */,
				3651C217250779AF002701E7 /* TFY_ExampleSavedController.m in Sources */,
				3651C20E2507756A002701E7 /* TFY_MineTableViewCell.m in Sources */,
				36CB6324238FFB77005976FF /* TFY_EasyDescriptor.m in Sources */,
				36CB6326238FFB77005976FF /* TFY_EasyBlueToothManager.m in Sources */,
				3651C2142507790D002701E7 /* TFY_ExampleScanRuleController.m in Sources */,
				3651C1F025072F1E002701E7 /* TFY_HomeTableViewCell.m in Sources */,
				3651C20525076757002701E7 /* TFY_DetailHeaderFooterView.m in Sources */,
				3651C20B25076E36002701E7 /* TFY_DetailOperationCell.m in Sources */,
				3651C22025077D4A002701E7 /* TFY_ExampleAllRuleDeviceController.m in Sources */,
				36CB6311238FDF6A005976FF /* TFY_EasyUtils.m in Sources */,
				3651C20825076CFF002701E7 /* TFY_DetailOperationController.m in Sources */,
				36CB6323238FFB77005976FF /* TFY_EasyCenterManager.m in Sources */,
				3651C20225076723002701E7 /* TFY_DetailHeaderView.m in Sources */,
				3651C211250776EE002701E7 /* TFY_ExampleScanNameController.m in Sources */,
				36CB6320238FFB77005976FF /* TFY_EasyManagerOptions.m in Sources */,
				3651C1DA250727F5002701E7 /* TFY_TabBarController.m in Sources */,
				36CB6322238FFB77005976FF /* TFY_EasyService.m in Sources */,
				36CB6321238FFB77005976FF /* TFY_EasyPeripheral.m in Sources */,
				3651C1E725072A3C002701E7 /* TFY_HomeController.m in Sources */,
			);
			runOnlyForDeploymentPostprocessing = 0;
		};
		5680B1C7233E3B1E0081C5FA /* Sources */ = {
			isa = PBXSourcesBuildPhase;
			buildActionMask = 2147483647;
			files = (
				5680B1D0233E3B1E0081C5FA /* TFY_CoreBluetoothTests.m in Sources */,
			);
			runOnlyForDeploymentPostprocessing = 0;
		};
		5680B1D2233E3B1E0081C5FA /* Sources */ = {
			isa = PBXSourcesBuildPhase;
			buildActionMask = 2147483647;
			files = (
				5680B1DB233E3B1E0081C5FA /* TFY_CoreBluetoothUITests.m in Sources */,
			);
			runOnlyForDeploymentPostprocessing = 0;
		};
/* End PBXSourcesBuildPhase section */

/* Begin PBXTargetDependency section */
		5680B1CD233E3B1E0081C5FA /* PBXTargetDependency */ = {
			isa = PBXTargetDependency;
			target = 5680B1AF233E3B1C0081C5FA /* TFY_CoreBluetooth */;
			targetProxy = 5680B1CC233E3B1E0081C5FA /* PBXContainerItemProxy */;
		};
		5680B1D8233E3B1E0081C5FA /* PBXTargetDependency */ = {
			isa = PBXTargetDependency;
			target = 5680B1AF233E3B1C0081C5FA /* TFY_CoreBluetooth */;
			targetProxy = 5680B1D7233E3B1E0081C5FA /* PBXContainerItemProxy */;
		};
/* End PBXTargetDependency section */

/* Begin XCBuildConfiguration section */
		5680B1DD233E3B1E0081C5FA /* Debug */ = {
			isa = XCBuildConfiguration;
			buildSettings = {
				ALWAYS_SEARCH_USER_PATHS = NO;
				CLANG_ANALYZER_NONNULL = YES;
				CLANG_ANALYZER_NUMBER_OBJECT_CONVERSION = YES_AGGRESSIVE;
				CLANG_CXX_LANGUAGE_STANDARD = "gnu++14";
				CLANG_CXX_LIBRARY = "libc++";
				CLANG_ENABLE_MODULES = YES;
				CLANG_ENABLE_OBJC_ARC = YES;
				CLANG_ENABLE_OBJC_WEAK = YES;
				CLANG_WARN_BLOCK_CAPTURE_AUTORELEASING = YES;
				CLANG_WARN_BOOL_CONVERSION = YES;
				CLANG_WARN_COMMA = YES;
				CLANG_WARN_CONSTANT_CONVERSION = YES;
				CLANG_WARN_DEPRECATED_OBJC_IMPLEMENTATIONS = YES;
				CLANG_WARN_DIRECT_OBJC_ISA_USAGE = YES_ERROR;
				CLANG_WARN_DOCUMENTATION_COMMENTS = YES;
				CLANG_WARN_EMPTY_BODY = YES;
				CLANG_WARN_ENUM_CONVERSION = YES;
				CLANG_WARN_INFINITE_RECURSION = YES;
				CLANG_WARN_INT_CONVERSION = YES;
				CLANG_WARN_NON_LITERAL_NULL_CONVERSION = YES;
				CLANG_WARN_OBJC_IMPLICIT_RETAIN_SELF = YES;
				CLANG_WARN_OBJC_LITERAL_CONVERSION = YES;
				CLANG_WARN_OBJC_ROOT_CLASS = YES_ERROR;
				CLANG_WARN_QUOTED_INCLUDE_IN_FRAMEWORK_HEADER = YES;
				CLANG_WARN_RANGE_LOOP_ANALYSIS = YES;
				CLANG_WARN_STRICT_PROTOTYPES = YES;
				CLANG_WARN_SUSPICIOUS_MOVE = YES;
				CLANG_WARN_UNGUARDED_AVAILABILITY = YES_AGGRESSIVE;
				CLANG_WARN_UNREACHABLE_CODE = YES;
				CLANG_WARN__DUPLICATE_METHOD_MATCH = YES;
				COPY_PHASE_STRIP = NO;
				DEBUG_INFORMATION_FORMAT = dwarf;
				ENABLE_STRICT_OBJC_MSGSEND = YES;
				ENABLE_TESTABILITY = YES;
				GCC_C_LANGUAGE_STANDARD = gnu11;
				GCC_DYNAMIC_NO_PIC = NO;
				GCC_NO_COMMON_BLOCKS = YES;
				GCC_OPTIMIZATION_LEVEL = 0;
				GCC_PREPROCESSOR_DEFINITIONS = (
					"DEBUG=1",
					"$(inherited)",
				);
				GCC_WARN_64_TO_32_BIT_CONVERSION = YES;
				GCC_WARN_ABOUT_RETURN_TYPE = YES_ERROR;
				GCC_WARN_UNDECLARED_SELECTOR = YES;
				GCC_WARN_UNINITIALIZED_AUTOS = YES_AGGRESSIVE;
				GCC_WARN_UNUSED_FUNCTION = YES;
				GCC_WARN_UNUSED_VARIABLE = YES;

				IPHONEOS_DEPLOYMENT_TARGET = 14.1;

				MTL_ENABLE_DEBUG_INFO = INCLUDE_SOURCE;
				MTL_FAST_MATH = YES;
				ONLY_ACTIVE_ARCH = YES;
				SDKROOT = iphoneos;
			};
			name = Debug;
		};
		5680B1DE233E3B1E0081C5FA /* Release */ = {
			isa = XCBuildConfiguration;
			buildSettings = {
				ALWAYS_SEARCH_USER_PATHS = NO;
				CLANG_ANALYZER_NONNULL = YES;
				CLANG_ANALYZER_NUMBER_OBJECT_CONVERSION = YES_AGGRESSIVE;
				CLANG_CXX_LANGUAGE_STANDARD = "gnu++14";
				CLANG_CXX_LIBRARY = "libc++";
				CLANG_ENABLE_MODULES = YES;
				CLANG_ENABLE_OBJC_ARC = YES;
				CLANG_ENABLE_OBJC_WEAK = YES;
				CLANG_WARN_BLOCK_CAPTURE_AUTORELEASING = YES;
				CLANG_WARN_BOOL_CONVERSION = YES;
				CLANG_WARN_COMMA = YES;
				CLANG_WARN_CONSTANT_CONVERSION = YES;
				CLANG_WARN_DEPRECATED_OBJC_IMPLEMENTATIONS = YES;
				CLANG_WARN_DIRECT_OBJC_ISA_USAGE = YES_ERROR;
				CLANG_WARN_DOCUMENTATION_COMMENTS = YES;
				CLANG_WARN_EMPTY_BODY = YES;
				CLANG_WARN_ENUM_CONVERSION = YES;
				CLANG_WARN_INFINITE_RECURSION = YES;
				CLANG_WARN_INT_CONVERSION = YES;
				CLANG_WARN_NON_LITERAL_NULL_CONVERSION = YES;
				CLANG_WARN_OBJC_IMPLICIT_RETAIN_SELF = YES;
				CLANG_WARN_OBJC_LITERAL_CONVERSION = YES;
				CLANG_WARN_OBJC_ROOT_CLASS = YES_ERROR;
				CLANG_WARN_QUOTED_INCLUDE_IN_FRAMEWORK_HEADER = YES;
				CLANG_WARN_RANGE_LOOP_ANALYSIS = YES;
				CLANG_WARN_STRICT_PROTOTYPES = YES;
				CLANG_WARN_SUSPICIOUS_MOVE = YES;
				CLANG_WARN_UNGUARDED_AVAILABILITY = YES_AGGRESSIVE;
				CLANG_WARN_UNREACHABLE_CODE = YES;
				CLANG_WARN__DUPLICATE_METHOD_MATCH = YES;
				COPY_PHASE_STRIP = NO;
				DEBUG_INFORMATION_FORMAT = "dwarf-with-dsym";
				ENABLE_NS_ASSERTIONS = NO;
				ENABLE_STRICT_OBJC_MSGSEND = YES;
				GCC_C_LANGUAGE_STANDARD = gnu11;
				GCC_NO_COMMON_BLOCKS = YES;
				GCC_WARN_64_TO_32_BIT_CONVERSION = YES;
				GCC_WARN_ABOUT_RETURN_TYPE = YES_ERROR;
				GCC_WARN_UNDECLARED_SELECTOR = YES;
				GCC_WARN_UNINITIALIZED_AUTOS = YES_AGGRESSIVE;
				GCC_WARN_UNUSED_FUNCTION = YES;
				GCC_WARN_UNUSED_VARIABLE = YES;
				IPHONEOS_DEPLOYMENT_TARGET = 14.1;
				MTL_ENABLE_DEBUG_INFO = NO;
				MTL_FAST_MATH = YES;
				SDKROOT = iphoneos;
				VALIDATE_PRODUCT = YES;
			};
			name = Release;
		};
		5680B1E0233E3B1E0081C5FA /* Debug */ = {
			isa = XCBuildConfiguration;
			baseConfigurationReference = 167A0B125495DDCAC4FB1D53 /* Pods-TFY_CoreBluetooth.debug.xcconfig */;
			buildSettings = {
				ASSETCATALOG_COMPILER_APPICON_NAME = AppIcon;
				CODE_SIGN_STYLE = Automatic;
				CURRENT_PROJECT_VERSION = 1.0.0;
				DEVELOPMENT_TEAM = QH95759TSS;
				GCC_PRECOMPILE_PREFIX_HEADER = YES;
				GCC_PREFIX_HEADER = TFY_CoreBluetooth/AppDelegate/TFY_BluePrefixHeader.pch;
				INFOPLIST_FILE = TFY_CoreBluetooth/Info.plist;
				IPHONEOS_DEPLOYMENT_TARGET = 12.0;
				LD_RUNPATH_SEARCH_PATHS = (
					"$(inherited)",
					"@executable_path/Frameworks",
				);
				MARKETING_VERSION = 1.0.0;
				OTHER_LDFLAGS = (
					"$(inherited)",
					"-ObjC",
					"-l\"TFY_AutoLayout\"",
					"-l\"TFY_Navigation\"",
					"-l\"TFY_ProgressHUD\"",
					"-framework",
					"\"Foundation\"",
					"-framework",
					"\"UIKit\"",
				);
				PRODUCT_BUNDLE_IDENTIFIER = "tfy.TFY-CoreBluetooth";
				PRODUCT_NAME = "蓝牙处理";
				TARGETED_DEVICE_FAMILY = 1;
			};
			name = Debug;
		};
		5680B1E1233E3B1E0081C5FA /* Release */ = {
			isa = XCBuildConfiguration;
			baseConfigurationReference = 221A43D2EE06B8964A3649EB /* Pods-TFY_CoreBluetooth.release.xcconfig */;
			buildSettings = {
				ASSETCATALOG_COMPILER_APPICON_NAME = AppIcon;
				CODE_SIGN_STYLE = Automatic;
				CURRENT_PROJECT_VERSION = 1.0.0;
				DEVELOPMENT_TEAM = QH95759TSS;
				GCC_PRECOMPILE_PREFIX_HEADER = YES;
				GCC_PREFIX_HEADER = TFY_CoreBluetooth/AppDelegate/TFY_BluePrefixHeader.pch;
				INFOPLIST_FILE = TFY_CoreBluetooth/Info.plist;
				IPHONEOS_DEPLOYMENT_TARGET = 12.0;
				LD_RUNPATH_SEARCH_PATHS = (
					"$(inherited)",
					"@executable_path/Frameworks",
				);
				MARKETING_VERSION = 1.0.0;
				OTHER_LDFLAGS = (
					"$(inherited)",
					"-ObjC",
					"-l\"TFY_AutoLayout\"",
					"-l\"TFY_Navigation\"",
					"-l\"TFY_ProgressHUD\"",
					"-framework",
					"\"Foundation\"",
					"-framework",
					"\"UIKit\"",
				);
				PRODUCT_BUNDLE_IDENTIFIER = "tfy.TFY-CoreBluetooth";
				PRODUCT_NAME = "蓝牙处理";
				TARGETED_DEVICE_FAMILY = 1;
			};
			name = Release;
		};
		5680B1E3233E3B1E0081C5FA /* Debug */ = {
			isa = XCBuildConfiguration;
			buildSettings = {
				BUNDLE_LOADER = "$(TEST_HOST)";
				CODE_SIGN_STYLE = Automatic;
				DEVELOPMENT_TEAM = 246ETN6ZKR;
				INFOPLIST_FILE = TFY_CoreBluetoothTests/Info.plist;
				IPHONEOS_DEPLOYMENT_TARGET = 13.0;
				LD_RUNPATH_SEARCH_PATHS = (
					"$(inherited)",
					"@executable_path/Frameworks",
					"@loader_path/Frameworks",
				);
				PRODUCT_BUNDLE_IDENTIFIER = "tfy.TFY-CoreBluetoothTests";
				PRODUCT_NAME = "$(TARGET_NAME)";
				TARGETED_DEVICE_FAMILY = "1,2";
				TEST_HOST = "$(BUILT_PRODUCTS_DIR)/TFY_CoreBluetooth.app/TFY_CoreBluetooth";
			};
			name = Debug;
		};
		5680B1E4233E3B1E0081C5FA /* Release */ = {
			isa = XCBuildConfiguration;
			buildSettings = {
				BUNDLE_LOADER = "$(TEST_HOST)";
				CODE_SIGN_STYLE = Automatic;
				DEVELOPMENT_TEAM = 246ETN6ZKR;
				INFOPLIST_FILE = TFY_CoreBluetoothTests/Info.plist;
				IPHONEOS_DEPLOYMENT_TARGET = 13.0;
				LD_RUNPATH_SEARCH_PATHS = (
					"$(inherited)",
					"@executable_path/Frameworks",
					"@loader_path/Frameworks",
				);
				PRODUCT_BUNDLE_IDENTIFIER = "tfy.TFY-CoreBluetoothTests";
				PRODUCT_NAME = "$(TARGET_NAME)";
				TARGETED_DEVICE_FAMILY = "1,2";
				TEST_HOST = "$(BUILT_PRODUCTS_DIR)/TFY_CoreBluetooth.app/TFY_CoreBluetooth";
			};
			name = Release;
		};
		5680B1E6233E3B1E0081C5FA /* Debug */ = {
			isa = XCBuildConfiguration;
			buildSettings = {
				CODE_SIGN_STYLE = Automatic;
				DEVELOPMENT_TEAM = 246ETN6ZKR;
				INFOPLIST_FILE = TFY_CoreBluetoothUITests/Info.plist;
				LD_RUNPATH_SEARCH_PATHS = (
					"$(inherited)",
					"@executable_path/Frameworks",
					"@loader_path/Frameworks",
				);
				PRODUCT_BUNDLE_IDENTIFIER = "tfy.TFY-CoreBluetoothUITests";
				PRODUCT_NAME = "$(TARGET_NAME)";
				TARGETED_DEVICE_FAMILY = "1,2";
				TEST_TARGET_NAME = TFY_CoreBluetooth;
			};
			name = Debug;
		};
		5680B1E7233E3B1E0081C5FA /* Release */ = {
			isa = XCBuildConfiguration;
			buildSettings = {
				CODE_SIGN_STYLE = Automatic;
				DEVELOPMENT_TEAM = 246ETN6ZKR;
				INFOPLIST_FILE = TFY_CoreBluetoothUITests/Info.plist;
				LD_RUNPATH_SEARCH_PATHS = (
					"$(inherited)",
					"@executable_path/Frameworks",
					"@loader_path/Frameworks",
				);
				PRODUCT_BUNDLE_IDENTIFIER = "tfy.TFY-CoreBluetoothUITests";
				PRODUCT_NAME = "$(TARGET_NAME)";
				TARGETED_DEVICE_FAMILY = "1,2";
				TEST_TARGET_NAME = TFY_CoreBluetooth;
			};
			name = Release;
		};
/* End XCBuildConfiguration section */

/* Begin XCConfigurationList section */
		5680B1AB233E3B1C0081C5FA /* Build configuration list for PBXProject "TFY_CoreBluetooth" */ = {
			isa = XCConfigurationList;
			buildConfigurations = (
				5680B1DD233E3B1E0081C5FA /* Debug */,
				5680B1DE233E3B1E0081C5FA /* Release */,
			);
			defaultConfigurationIsVisible = 0;
			defaultConfigurationName = Release;
		};
		5680B1DF233E3B1E0081C5FA /* Build configuration list for PBXNativeTarget "TFY_CoreBluetooth" */ = {
			isa = XCConfigurationList;
			buildConfigurations = (
				5680B1E0233E3B1E0081C5FA /* Debug */,
				5680B1E1233E3B1E0081C5FA /* Release */,
			);
			defaultConfigurationIsVisible = 0;
			defaultConfigurationName = Release;
		};
		5680B1E2233E3B1E0081C5FA /* Build configuration list for PBXNativeTarget "TFY_CoreBluetoothTests" */ = {
			isa = XCConfigurationList;
			buildConfigurations = (
				5680B1E3233E3B1E0081C5FA /* Debug */,
				5680B1E4233E3B1E0081C5FA /* Release */,
			);
			defaultConfigurationIsVisible = 0;
			defaultConfigurationName = Release;
		};
		5680B1E5233E3B1E0081C5FA /* Build configuration list for PBXNativeTarget "TFY_CoreBluetoothUITests" */ = {
			isa = XCConfigurationList;
			buildConfigurations = (
				5680B1E6233E3B1E0081C5FA /* Debug */,
				5680B1E7233E3B1E0081C5FA /* Release */,
			);
			defaultConfigurationIsVisible = 0;
			defaultConfigurationName = Release;
		};
/* End XCConfigurationList section */
	};
	rootObject = 5680B1A8233E3B1C0081C5FA /* Project object */;
}
